
Microsoft Visual Studio Solution File, Format Version 11.00
# Visual Studio 2010
Project("{FAE04EC0-301F-11D3-BF4B-00C04F79EFBC}") = "Assembly-CSharp", "Assembly-CSharp.csproj", "{BE3697E7-CDD9-BB3D-3897-27809BD25F4F}"
EndProject
Project("{FAE04EC0-301F-11D3-BF4B-00C04F79EFBC}") = "Assembly-CSharp-Editor", "Assembly-CSharp-Editor.csproj", "{151EDC7B-5BE2-9EF4-5B80-41EDCCD74894}"
EndProject
Global
	GlobalSection(SolutionConfigurationPlatforms) = preSolution
		Debug|Any CPU = Debug|Any CPU
		Release|Any CPU = Release|Any CPU
	EndGlobalSection
	GlobalSection(ProjectConfigurationPlatforms) = postSolution
		{BE3697E7-CDD9-BB3D-3897-27809BD25F4F}.Debug|Any CPU.ActiveCfg = Debug|Any CPU
		{BE3697E7-CDD9-BB3D-3897-27809BD25F4F}.Debug|Any CPU.Build.0 = Debug|Any CPU
		{BE3697E7-CDD9-BB3D-3897-27809BD25F4F}.Release|Any CPU.ActiveCfg = Release|Any CPU
		{BE3697E7-CDD9-BB3D-3897-27809BD25F4F}.Release|Any CPU.Build.0 = Release|Any CPU
		{151EDC7B-5BE2-9EF4-5B80-41EDCCD74894}.Debug|Any CPU.ActiveCfg = Debug|Any CPU
		{151EDC7B-5BE2-9EF4-5B80-41EDCCD74894}.Debug|Any CPU.Build.0 = Debug|Any CPU
		{151EDC7B-5BE2-9EF4-5B80-41EDCCD74894}.Release|Any CPU.ActiveCfg = Release|Any CPU
		{151EDC7B-5BE2-9EF4-5B80-41EDCCD74894}.Release|Any CPU.Build.0 = Release|Any CPU
	EndGlobalSection
	GlobalSection(SolutionProperties) = preSolution
		HideSolutionNode = FALSE
	EndGlobalSection
	GlobalSection(MonoDevelopProperties) = preSolution
		StartupItem = Assembly-CSharp.csproj
	EndGlobalSection
EndGlobal
