
Microsoft Visual Studio Solution File, Format Version 11.00
# Visual Studio 2010
Project("{FAE04EC0-301F-11D3-BF4B-00C04F79EFBC}") = "Assembly-CSharp", "Assembly-CSharp.csproj", "{C44E2146-E91F-CCD9-83BE-10C5E529CF0D}"
EndProject
Project("{FAE04EC0-301F-11D3-BF4B-00C04F79EFBC}") = "Assembly-CSharp-Editor", "Assembly-CSharp-Editor.csproj", "{B9BC7846-97A5-1862-FD20-CDE25BE3083F}"
EndProject
Global
	GlobalSection(SolutionConfigurationPlatforms) = preSolution
		Debug|Any CPU = Debug|Any CPU
		Release|Any CPU = Release|Any CPU
	EndGlobalSection
	GlobalSection(ProjectConfigurationPlatforms) = postSolution
		{C44E2146-E91F-CCD9-83BE-10C5E529CF0D}.Debug|Any CPU.ActiveCfg = Debug|Any CPU
		{C44E2146-E91F-CCD9-83BE-10C5E529CF0D}.Debug|Any CPU.Build.0 = Debug|Any CPU
		{C44E2146-E91F-CCD9-83BE-10C5E529CF0D}.Release|Any CPU.ActiveCfg = Release|Any CPU
		{C44E2146-E91F-CCD9-83BE-10C5E529CF0D}.Release|Any CPU.Build.0 = Release|Any CPU
		{B9BC7846-97A5-1862-FD20-CDE25BE3083F}.Debug|Any CPU.ActiveCfg = Debug|Any CPU
		{B9BC7846-97A5-1862-FD20-CDE25BE3083F}.Debug|Any CPU.Build.0 = Debug|Any CPU
		{B9BC7846-97A5-1862-FD20-CDE25BE3083F}.Release|Any CPU.ActiveCfg = Release|Any CPU
		{B9BC7846-97A5-1862-FD20-CDE25BE3083F}.Release|Any CPU.Build.0 = Release|Any CPU
	EndGlobalSection
	GlobalSection(SolutionProperties) = preSolution
		HideSolutionNode = FALSE
	EndGlobalSection
	GlobalSection(MonoDevelopProperties) = preSolution
		StartupItem = Assembly-CSharp.csproj
	EndGlobalSection
EndGlobal
